
Microsoft Visual Studio Solution File, Format Version 12.00
# Visual Studio Version 16
VisualStudioVersion = 16.0.30717.126
MinimumVisualStudioVersion = 10.0.40219.1
Project("{FAE04EC0-301F-11D3-BF4B-00C04F79EFBC}") = "SahovskaFederacijaAPI", "SahovskaFederacijaAPI\SahovskaFederacijaAPI.csproj", "{28345E5E-6F6B-487A-A89C-FBB351BE8D28}"
EndProject
Project("{FAE04EC0-301F-11D3-BF4B-00C04F79EFBC}") = "DatabaseAccess", "DatabaseAccess\DatabaseAccess.csproj", "{C4958E50-8FE2-4BB1-9B01-FA664B226F86}"
EndProject
Global
	GlobalSection(SolutionConfigurationPlatforms) = preSolution
		Debug|Any CPU = Debug|Any CPU
		Release|Any CPU = Release|Any CPU
	EndGlobalSection
	GlobalSection(ProjectConfigurationPlatforms) = postSolution
		{28345E5E-6F6B-487A-A89C-FBB351BE8D28}.Debug|Any CPU.ActiveCfg = Debug|Any CPU
		{28345E5E-6F6B-487A-A89C-FBB351BE8D28}.Debug|Any CPU.Build.0 = Debug|Any CPU
		{28345E5E-6F6B-487A-A89C-FBB351BE8D28}.Release|Any CPU.ActiveCfg = Release|Any CPU
		{28345E5E-6F6B-487A-A89C-FBB351BE8D28}.Release|Any CPU.Build.0 = Release|Any CPU
		{C4958E50-8FE2-4BB1-9B01-FA664B226F86}.Debug|Any CPU.ActiveCfg = Debug|Any CPU
		{C4958E50-8FE2-4BB1-9B01-FA664B226F86}.Debug|Any CPU.Build.0 = Debug|Any CPU
		{C4958E50-8FE2-4BB1-9B01-FA664B226F86}.Release|Any CPU.ActiveCfg = Release|Any CPU
		{C4958E50-8FE2-4BB1-9B01-FA664B226F86}.Release|Any CPU.Build.0 = Release|Any CPU
	EndGlobalSection
	GlobalSection(SolutionProperties) = preSolution
		HideSolutionNode = FALSE
	EndGlobalSection
	GlobalSection(ExtensibilityGlobals) = postSolution
		SolutionGuid = {C9286236-CE58-4A53-8D98-A648B0201406}
	EndGlobalSection
EndGlobal
